PODS:
  - Flutter (1.0.0)
  - flutter_pagecall (0.0.1):
    - Flutter
    - Pagecall (= 0.0.24)
  - fluttertoast (0.0.2):
    - Flutter
    - Toast
  - integration_test (0.0.1):
    - Flutter
  - Pagecall (0.0.24)
  - Toast (4.0.0)

DEPENDENCIES:
  - Flutter (from `Flutter`)
  - flutter_pagecall (from `.symlinks/plugins/flutter_pagecall/ios`)
  - fluttertoast (from `.symlinks/plugins/fluttertoast/ios`)
  - integration_test (from `.symlinks/plugins/integration_test/ios`)

SPEC REPOS:
  trunk:
    - Pagecall
    - Toast

EXTERNAL SOURCES:
  Flutter:
    :path: Flutter
  flutter_pagecall:
    :path: ".symlinks/plugins/flutter_pagecall/ios"
  fluttertoast:
    :path: ".symlinks/plugins/fluttertoast/ios"
  integration_test:
    :path: ".symlinks/plugins/integration_test/ios"

SPEC CHECKSUMS:
  Flutter: f04841e97a9d0b0a8025694d0796dd46242b2854
  flutter_pagecall: 1dda8cef2ceeec3ed03eb39ee1959efc8b526656
  fluttertoast: 31b00dabfa7fb7bacd9e7dbee580d7a2ff4bf265
  integration_test: 13825b8a9334a850581300559b8839134b124670
  Pagecall: ff9a1340899094205bfe9985765ca4e8b56b4e87
  Toast: 91b396c56ee72a5790816f40d3a94dd357abc196

PODFILE CHECKSUM: 1959d098c91d8a792531a723c4a9d7e9f6a01e38

COCOAPODS: 1.15.2
